// !$*UTF8*$!
{
	archiveVersion = 1;
	classes = {
	};
	objectVersion = 56;
	objects = {

/* Begin PBXBuildFile section */
		3F20D83D2DE5A2DB00C8377E /* DropProductsView.swift in Sources */ = {isa = PBXBuildFile; fileRef = 3F20D83C2DE5A2DB00C8377E /* DropProductsView.swift */; };
		3F46C0962DDC6AD70020B1CF /* PrzepisyApp.swift in Sources */ = {isa = PBXBuildFile; fileRef = 3F46C0952DDC6AD70020B1CF /* PrzepisyApp.swift */; };
		3F46C0982DDC6AD70020B1CF /* ContentView.swift in Sources */ = {isa = PBXBuildFile; fileRef = 3F46C0972DDC6AD70020B1CF /* ContentView.swift */; };
		3F46C09A2DDC6AD80020B1CF /* Assets.xcassets in Resources */ = {isa = PBXBuildFile; fileRef = 3F46C0992DDC6AD80020B1CF /* Assets.xcassets */; };
		3F46C09D2DDC6AD80020B1CF /* Preview Assets.xcassets in Resources */ = {isa = PBXBuildFile; fileRef = 3F46C09C2DDC6AD80020B1CF /* Preview Assets.xcassets */; };
		3F46C09F2DDC6AD80020B1CF /* Persistence.swift in Sources */ = {isa = PBXBuildFile; fileRef = 3F46C09E2DDC6AD80020B1CF /* Persistence.swift */; };
		3F46C0A22DDC6AD80020B1CF /* Przepisy.xcdatamodeld in Sources */ = {isa = PBXBuildFile; fileRef = 3F46C0A02DDC6AD80020B1CF /* Przepisy.xcdatamodeld */; };
		3F8335C02DF80CE100033094 /* RecipeListView.swift in Sources */ = {isa = PBXBuildFile; fileRef = 3F8335BE2DF80CE100033094 /* RecipeListView.swift */; };
		3F8335C12DF80CE100033094 /* RecipeDetailView.swift in Sources */ = {isa = PBXBuildFile; fileRef = 3F8335BD2DF80CE100033094 /* RecipeDetailView.swift */; };
		3F8335C22DF80CE100033094 /* RecipeViewModel.swift in Sources */ = {isa = PBXBuildFile; fileRef = 3F8335BF2DF80CE100033094 /* RecipeViewModel.swift */; };
		3F8335C42DF80D2800033094 /* MapView.swift in Sources */ = {isa = PBXBuildFile; fileRef = 3F8335C32DF80D2800033094 /* MapView.swift */; };
		3F8335C82DF8152800033094 /* AddRecipeView.swift in Sources */ = {isa = PBXBuildFile; fileRef = 3F8335C72DF8152800033094 /* AddRecipeView.swift */; };
		897FB33B2DFC0B6A000950D0 /* RecipeProduct+CoreDataProperties.swift in Sources */ = {isa = PBXBuildFile; fileRef = 897FB3382DFC0B6A000950D0 /* RecipeProduct+CoreDataProperties.swift */; };
		897FB33C2DFC0B6A000950D0 /* Shop+CoreDataClass.swift in Sources */ = {isa = PBXBuildFile; fileRef = 897FB3392DFC0B6A000950D0 /* Shop+CoreDataClass.swift */; };
		897FB33D2DFC0B6A000950D0 /* Recipe+CoreDataClass.swift in Sources */ = {isa = PBXBuildFile; fileRef = 897FB3352DFC0B6A000950D0 /* Recipe+CoreDataClass.swift */; };
		897FB33E2DFC0B6A000950D0 /* RecipeProduct+CoreDataClass.swift in Sources */ = {isa = PBXBuildFile; fileRef = 897FB3372DFC0B6A000950D0 /* RecipeProduct+CoreDataClass.swift */; };
		897FB33F2DFC0B6A000950D0 /* Shop+CoreDataProperties.swift in Sources */ = {isa = PBXBuildFile; fileRef = 897FB33A2DFC0B6A000950D0 /* Shop+CoreDataProperties.swift */; };
		897FB3402DFC0B6A000950D0 /* Product+CoreDataProperties.swift in Sources */ = {isa = PBXBuildFile; fileRef = 897FB3342DFC0B6A000950D0 /* Product+CoreDataProperties.swift */; };
		897FB3412DFC0B6A000950D0 /* Recipe+CoreDataProperties.swift in Sources */ = {isa = PBXBuildFile; fileRef = 897FB3362DFC0B6A000950D0 /* Recipe+CoreDataProperties.swift */; };
		897FB3422DFC0B6A000950D0 /* Product+CoreDataClass.swift in Sources */ = {isa = PBXBuildFile; fileRef = 897FB3332DFC0B6A000950D0 /* Product+CoreDataClass.swift */; };
		897FB37B2DFC44AE000950D0 /* EditRecipeView.swift in Sources */ = {isa = PBXBuildFile; fileRef = 897FB37A2DFC44AE000950D0 /* EditRecipeView.swift */; };
/* End PBXBuildFile section */

/* Begin PBXFileReference section */
		3F20D83C2DE5A2DB00C8377E /* DropProductsView.swift */ = {isa = PBXFileReference; lastKnownFileType = sourcecode.swift; path = DropProductsView.swift; sourceTree = "<group>"; };
		3F46C0952DDC6AD70020B1CF /* PrzepisyApp.swift */ = {isa = PBXFileReference; lastKnownFileType = sourcecode.swift; path = PrzepisyApp.swift; sourceTree = "<group>"; };
		3F46C0972DDC6AD70020B1CF /* ContentView.swift */ = {isa = PBXFileReference; lastKnownFileType = sourcecode.swift; path = ContentView.swift; sourceTree = "<group>"; };
		3F46C0992DDC6AD80020B1CF /* Assets.xcassets */ = {isa = PBXFileReference; lastKnownFileType = folder.assetcatalog; path = Assets.xcassets; sourceTree = "<group>"; };
		3F46C09C2DDC6AD80020B1CF /* Preview Assets.xcassets */ = {isa = PBXFileReference; lastKnownFileType = folder.assetcatalog; path = "Preview Assets.xcassets"; sourceTree = "<group>"; };
		3F46C09E2DDC6AD80020B1CF /* Persistence.swift */ = {isa = PBXFileReference; lastKnownFileType = sourcecode.swift; path = Persistence.swift; sourceTree = "<group>"; };
		3F46C0A12DDC6AD80020B1CF /* Przepisy.xcdatamodel */ = {isa = PBXFileReference; lastKnownFileType = wrapper.xcdatamodel; path = Przepisy.xcdatamodel; sourceTree = "<group>"; };
		3F8335932DF809B800033094 /* Przepisy.app */ = {isa = PBXFileReference; explicitFileType = wrapper.application; includeInIndex = 0; path = Przepisy.app; sourceTree = BUILT_PRODUCTS_DIR; };
		3F8335BD2DF80CE100033094 /* RecipeDetailView.swift */ = {isa = PBXFileReference; lastKnownFileType = sourcecode.swift; path = RecipeDetailView.swift; sourceTree = "<group>"; };
		3F8335BE2DF80CE100033094 /* RecipeListView.swift */ = {isa = PBXFileReference; lastKnownFileType = sourcecode.swift; path = RecipeListView.swift; sourceTree = "<group>"; };
		3F8335BF2DF80CE100033094 /* RecipeViewModel.swift */ = {isa = PBXFileReference; lastKnownFileType = sourcecode.swift; path = RecipeViewModel.swift; sourceTree = "<group>"; };
		3F8335C32DF80D2800033094 /* MapView.swift */ = {isa = PBXFileReference; lastKnownFileType = sourcecode.swift; path = MapView.swift; sourceTree = "<group>"; };
		3F8335C72DF8152800033094 /* AddRecipeView.swift */ = {isa = PBXFileReference; lastKnownFileType = sourcecode.swift; path = AddRecipeView.swift; sourceTree = "<group>"; };
		897FB3332DFC0B6A000950D0 /* Product+CoreDataClass.swift */ = {isa = PBXFileReference; lastKnownFileType = sourcecode.swift; path = "Product+CoreDataClass.swift"; sourceTree = "<group>"; };
		897FB3342DFC0B6A000950D0 /* Product+CoreDataProperties.swift */ = {isa = PBXFileReference; lastKnownFileType = sourcecode.swift; path = "Product+CoreDataProperties.swift"; sourceTree = "<group>"; };
		897FB3352DFC0B6A000950D0 /* Recipe+CoreDataClass.swift */ = {isa = PBXFileReference; lastKnownFileType = sourcecode.swift; path = "Recipe+CoreDataClass.swift"; sourceTree = "<group>"; };
		897FB3362DFC0B6A000950D0 /* Recipe+CoreDataProperties.swift */ = {isa = PBXFileReference; lastKnownFileType = sourcecode.swift; path = "Recipe+CoreDataProperties.swift"; sourceTree = "<group>"; };
		897FB3372DFC0B6A000950D0 /* RecipeProduct+CoreDataClass.swift */ = {isa = PBXFileReference; lastKnownFileType = sourcecode.swift; path = "RecipeProduct+CoreDataClass.swift"; sourceTree = "<group>"; };
		897FB3382DFC0B6A000950D0 /* RecipeProduct+CoreDataProperties.swift */ = {isa = PBXFileReference; lastKnownFileType = sourcecode.swift; path = "RecipeProduct+CoreDataProperties.swift"; sourceTree = "<group>"; };
		897FB3392DFC0B6A000950D0 /* Shop+CoreDataClass.swift */ = {isa = PBXFileReference; lastKnownFileType = sourcecode.swift; path = "Shop+CoreDataClass.swift"; sourceTree = "<group>"; };
		897FB33A2DFC0B6A000950D0 /* Shop+CoreDataProperties.swift */ = {isa = PBXFileReference; lastKnownFileType = sourcecode.swift; path = "Shop+CoreDataProperties.swift"; sourceTree = "<group>"; };
		897FB37A2DFC44AE000950D0 /* EditRecipeView.swift */ = {isa = PBXFileReference; lastKnownFileType = sourcecode.swift; path = EditRecipeView.swift; sourceTree = "<group>"; };
/* End PBXFileReference section */

/* Begin PBXFrameworksBuildPhase section */
		3F46C08F2DDC6AD70020B1CF /* Frameworks */ = {
			isa = PBXFrameworksBuildPhase;
			buildActionMask = 2147483647;
			files = (
			);
			runOnlyForDeploymentPostprocessing = 0;
		};
/* End PBXFrameworksBuildPhase section */

/* Begin PBXGroup section */
		3F46C0892DDC6AD70020B1CF = {
			isa = PBXGroup;
			children = (
				897FB3332DFC0B6A000950D0 /* Product+CoreDataClass.swift */,
				897FB3342DFC0B6A000950D0 /* Product+CoreDataProperties.swift */,
				897FB3352DFC0B6A000950D0 /* Recipe+CoreDataClass.swift */,
				897FB3362DFC0B6A000950D0 /* Recipe+CoreDataProperties.swift */,
				897FB3372DFC0B6A000950D0 /* RecipeProduct+CoreDataClass.swift */,
				897FB3382DFC0B6A000950D0 /* RecipeProduct+CoreDataProperties.swift */,
				897FB3392DFC0B6A000950D0 /* Shop+CoreDataClass.swift */,
				897FB33A2DFC0B6A000950D0 /* Shop+CoreDataProperties.swift */,
				3F46C0942DDC6AD70020B1CF /* Przepisy */,
				3F8335932DF809B800033094 /* Przepisy.app */,
			);
			sourceTree = "<group>";
		};
		3F46C0942DDC6AD70020B1CF /* Przepisy */ = {
			isa = PBXGroup;
			children = (
				3F8335C72DF8152800033094 /* AddRecipeView.swift */,
				897FB37A2DFC44AE000950D0 /* EditRecipeView.swift */,
				3F8335BD2DF80CE100033094 /* RecipeDetailView.swift */,
				3F8335BE2DF80CE100033094 /* RecipeListView.swift */,
				3F8335BF2DF80CE100033094 /* RecipeViewModel.swift */,
				3F46C0952DDC6AD70020B1CF /* PrzepisyApp.swift */,
				3F46C0972DDC6AD70020B1CF /* ContentView.swift */,
				3F8335C32DF80D2800033094 /* MapView.swift */,
				3F20D83C2DE5A2DB00C8377E /* DropProductsView.swift */,
				3F46C0992DDC6AD80020B1CF /* Assets.xcassets */,
				3F46C09E2DDC6AD80020B1CF /* Persistence.swift */,
				3F46C0A02DDC6AD80020B1CF /* Przepisy.xcdatamodeld */,
				3F46C09B2DDC6AD80020B1CF /* Preview Content */,
			);
			path = Przepisy;
			sourceTree = "<group>";
		};
		3F46C09B2DDC6AD80020B1CF /* Preview Content */ = {
			isa = PBXGroup;
			children = (
				3F46C09C2DDC6AD80020B1CF /* Preview Assets.xcassets */,
			);
			path = "Preview Content";
			sourceTree = "<group>";
		};
/* End PBXGroup section */

/* Begin PBXNativeTarget section */
		3F46C0912DDC6AD70020B1CF /* Przepisy */ = {
			isa = PBXNativeTarget;
			buildConfigurationList = 3F46C0A52DDC6AD90020B1CF /* Build configuration list for PBXNativeTarget "Przepisy" */;
			buildPhases = (
				3F46C08E2DDC6AD70020B1CF /* Sources */,
				3F46C08F2DDC6AD70020B1CF /* Frameworks */,
				3F46C0902DDC6AD70020B1CF /* Resources */,
			);
			buildRules = (
			);
			dependencies = (
			);
			name = Przepisy;
			productName = Przepisy;
			productReference = 3F8335932DF809B800033094 /* Przepisy.app */;
			productType = "com.apple.product-type.application";
		};
/* End PBXNativeTarget section */

/* Begin PBXProject section */
		3F46C08A2DDC6AD70020B1CF /* Project object */ = {
			isa = PBXProject;
			attributes = {
				BuildIndependentTargetsInParallel = 1;
				LastSwiftUpdateCheck = 1540;
				LastUpgradeCheck = 1540;
				TargetAttributes = {
					3F46C0912DDC6AD70020B1CF = {
						CreatedOnToolsVersion = 15.4;
					};
				};
			};
			buildConfigurationList = 3F46C08D2DDC6AD70020B1CF /* Build configuration list for PBXProject "Przepisy" */;
			compatibilityVersion = "Xcode 14.0";
			developmentRegion = en;
			hasScannedForEncodings = 0;
			knownRegions = (
				en,
				Base,
			);
			mainGroup = 3F46C0892DDC6AD70020B1CF;
			productRefGroup = 3F46C0892DDC6AD70020B1CF;
			projectDirPath = "";
			projectRoot = "";
			targets = (
				3F46C0912DDC6AD70020B1CF /* Przepisy */,
			);
		};
/* End PBXProject section */

/* Begin PBXResourcesBuildPhase section */
		3F46C0902DDC6AD70020B1CF /* Resources */ = {
			isa = PBXResourcesBuildPhase;
			buildActionMask = 2147483647;
			files = (
				3F46C09D2DDC6AD80020B1CF /* Preview Assets.xcassets in Resources */,
				3F46C09A2DDC6AD80020B1CF /* Assets.xcassets in Resources */,
			);
			runOnlyForDeploymentPostprocessing = 0;
		};
/* End PBXResourcesBuildPhase section */

/* Begin PBXSourcesBuildPhase section */
		3F46C08E2DDC6AD70020B1CF /* Sources */ = {
			isa = PBXSourcesBuildPhase;
			buildActionMask = 2147483647;
			files = (
				3F46C09F2DDC6AD80020B1CF /* Persistence.swift in Sources */,
				3F46C0982DDC6AD70020B1CF /* ContentView.swift in Sources */,
				897FB33B2DFC0B6A000950D0 /* RecipeProduct+CoreDataProperties.swift in Sources */,
				897FB33C2DFC0B6A000950D0 /* Shop+CoreDataClass.swift in Sources */,
				897FB33D2DFC0B6A000950D0 /* Recipe+CoreDataClass.swift in Sources */,
				897FB33E2DFC0B6A000950D0 /* RecipeProduct+CoreDataClass.swift in Sources */,
				897FB33F2DFC0B6A000950D0 /* Shop+CoreDataProperties.swift in Sources */,
				897FB3402DFC0B6A000950D0 /* Product+CoreDataProperties.swift in Sources */,
				897FB37B2DFC44AE000950D0 /* EditRecipeView.swift in Sources */,
				897FB3412DFC0B6A000950D0 /* Recipe+CoreDataProperties.swift in Sources */,
				897FB3422DFC0B6A000950D0 /* Product+CoreDataClass.swift in Sources */,
				3F8335C42DF80D2800033094 /* MapView.swift in Sources */,
				3F8335C82DF8152800033094 /* AddRecipeView.swift in Sources */,
				3F20D83D2DE5A2DB00C8377E /* DropProductsView.swift in Sources */,
				3F8335C02DF80CE100033094 /* RecipeListView.swift in Sources */,
				3F8335C12DF80CE100033094 /* RecipeDetailView.swift in Sources */,
				3F8335C22DF80CE100033094 /* RecipeViewModel.swift in Sources */,
				3F46C0962DDC6AD70020B1CF /* PrzepisyApp.swift in Sources */,
				3F46C0A22DDC6AD80020B1CF /* Przepisy.xcdatamodeld in Sources */,
			);
			runOnlyForDeploymentPostprocessing = 0;
		};
/* End PBXSourcesBuildPhase section */

/* Begin XCBuildConfiguration section */
		3F46C0A32DDC6AD90020B1CF /* Debug */ = {
			isa = XCBuildConfiguration;
			buildSettings = {
				ALWAYS_SEARCH_USER_PATHS = NO;
				ASSETCATALOG_COMPILER_GENERATE_SWIFT_ASSET_SYMBOL_EXTENSIONS = YES;
				CLANG_ANALYZER_NONNULL = YES;
				CLANG_ANALYZER_NUMBER_OBJECT_CONVERSION = YES_AGGRESSIVE;
				CLANG_CXX_LANGUAGE_STANDARD = "gnu++20";
				CLANG_ENABLE_MODULES = YES;
				CLANG_ENABLE_OBJC_ARC = YES;
				CLANG_ENABLE_OBJC_WEAK = YES;
				CLANG_WARN_BLOCK_CAPTURE_AUTORELEASING = YES;
				CLANG_WARN_BOOL_CONVERSION = YES;
				CLANG_WARN_COMMA = YES;
				CLANG_WARN_CONSTANT_CONVERSION = YES;
				CLANG_WARN_DEPRECATED_OBJC_IMPLEMENTATIONS = YES;
				CLANG_WARN_DIRECT_OBJC_ISA_USAGE = YES_ERROR;
				CLANG_WARN_DOCUMENTATION_COMMENTS = YES;
				CLANG_WARN_EMPTY_BODY = YES;
				CLANG_WARN_ENUM_CONVERSION = YES;
				CLANG_WARN_INFINITE_RECURSION = YES;
				CLANG_WARN_INT_CONVERSION = YES;
				CLANG_WARN_NON_LITERAL_NULL_CONVERSION = YES;
				CLANG_WARN_OBJC_IMPLICIT_RETAIN_SELF = YES;
				CLANG_WARN_OBJC_LITERAL_CONVERSION = YES;
				CLANG_WARN_OBJC_ROOT_CLASS = YES_ERROR;
				CLANG_WARN_QUOTED_INCLUDE_IN_FRAMEWORK_HEADER = YES;
				CLANG_WARN_RANGE_LOOP_ANALYSIS = YES;
				CLANG_WARN_STRICT_PROTOTYPES = YES;
				CLANG_WARN_SUSPICIOUS_MOVE = YES;
				CLANG_WARN_UNGUARDED_AVAILABILITY = YES_AGGRESSIVE;
				CLANG_WARN_UNREACHABLE_CODE = YES;
				CLANG_WARN__DUPLICATE_METHOD_MATCH = YES;
				COPY_PHASE_STRIP = NO;
				DEBUG_INFORMATION_FORMAT = dwarf;
				ENABLE_STRICT_OBJC_MSGSEND = YES;
				ENABLE_TESTABILITY = YES;
				ENABLE_USER_SCRIPT_SANDBOXING = YES;
				GCC_C_LANGUAGE_STANDARD = gnu17;
				GCC_DYNAMIC_NO_PIC = NO;
				GCC_NO_COMMON_BLOCKS = YES;
				GCC_OPTIMIZATION_LEVEL = 0;
				GCC_PREPROCESSOR_DEFINITIONS = (
					"DEBUG=1",
					"$(inherited)",
				);
				GCC_WARN_64_TO_32_BIT_CONVERSION = YES;
				GCC_WARN_ABOUT_RETURN_TYPE = YES_ERROR;
				GCC_WARN_UNDECLARED_SELECTOR = YES;
				GCC_WARN_UNINITIALIZED_AUTOS = YES_AGGRESSIVE;
				GCC_WARN_UNUSED_FUNCTION = YES;
				GCC_WARN_UNUSED_VARIABLE = YES;
				IPHONEOS_DEPLOYMENT_TARGET = 17.5;
				LOCALIZATION_PREFERS_STRING_CATALOGS = YES;
				MTL_ENABLE_DEBUG_INFO = INCLUDE_SOURCE;
				MTL_FAST_MATH = YES;
				ONLY_ACTIVE_ARCH = YES;
				SDKROOT = iphoneos;
				SWIFT_ACTIVE_COMPILATION_CONDITIONS = "DEBUG $(inherited)";
				SWIFT_OPTIMIZATION_LEVEL = "-Onone";
			};
			name = Debug;
		};
		3F46C0A42DDC6AD90020B1CF /* Release */ = {
			isa = XCBuildConfiguration;
			buildSettings = {
				ALWAYS_SEARCH_USER_PATHS = NO;
				ASSETCATALOG_COMPILER_GENERATE_SWIFT_ASSET_SYMBOL_EXTENSIONS = YES;
				CLANG_ANALYZER_NONNULL = YES;
				CLANG_ANALYZER_NUMBER_OBJECT_CONVERSION = YES_AGGRESSIVE;
				CLANG_CXX_LANGUAGE_STANDARD = "gnu++20";
				CLANG_ENABLE_MODULES = YES;
				CLANG_ENABLE_OBJC_ARC = YES;
				CLANG_ENABLE_OBJC_WEAK = YES;
				CLANG_WARN_BLOCK_CAPTURE_AUTORELEASING = YES;
				CLANG_WARN_BOOL_CONVERSION = YES;
				CLANG_WARN_COMMA = YES;
				CLANG_WARN_CONSTANT_CONVERSION = YES;
				CLANG_WARN_DEPRECATED_OBJC_IMPLEMENTATIONS = YES;
				CLANG_WARN_DIRECT_OBJC_ISA_USAGE = YES_ERROR;
				CLANG_WARN_DOCUMENTATION_COMMENTS = YES;
				CLANG_WARN_EMPTY_BODY = YES;
				CLANG_WARN_ENUM_CONVERSION = YES;
				CLANG_WARN_INFINITE_RECURSION = YES;
				CLANG_WARN_INT_CONVERSION = YES;
				CLANG_WARN_NON_LITERAL_NULL_CONVERSION = YES;
				CLANG_WARN_OBJC_IMPLICIT_RETAIN_SELF = YES;
				CLANG_WARN_OBJC_LITERAL_CONVERSION = YES;
				CLANG_WARN_OBJC_ROOT_CLASS = YES_ERROR;
				CLANG_WARN_QUOTED_INCLUDE_IN_FRAMEWORK_HEADER = YES;
				CLANG_WARN_RANGE_LOOP_ANALYSIS = YES;
				CLANG_WARN_STRICT_PROTOTYPES = YES;
				CLANG_WARN_SUSPICIOUS_MOVE = YES;
				CLANG_WARN_UNGUARDED_AVAILABILITY = YES_AGGRESSIVE;
				CLANG_WARN_UNREACHABLE_CODE = YES;
				CLANG_WARN__DUPLICATE_METHOD_MATCH = YES;
				COPY_PHASE_STRIP = NO;
				DEBUG_INFORMATION_FORMAT = "dwarf-with-dsym";
				ENABLE_NS_ASSERTIONS = NO;
				ENABLE_STRICT_OBJC_MSGSEND = YES;
				ENABLE_USER_SCRIPT_SANDBOXING = YES;
				GCC_C_LANGUAGE_STANDARD = gnu17;
				GCC_NO_COMMON_BLOCKS = YES;
				GCC_WARN_64_TO_32_BIT_CONVERSION = YES;
				GCC_WARN_ABOUT_RETURN_TYPE = YES_ERROR;
				GCC_WARN_UNDECLARED_SELECTOR = YES;
				GCC_WARN_UNINITIALIZED_AUTOS = YES_AGGRESSIVE;
				GCC_WARN_UNUSED_FUNCTION = YES;
				GCC_WARN_UNUSED_VARIABLE = YES;
				IPHONEOS_DEPLOYMENT_TARGET = 17.5;
				LOCALIZATION_PREFERS_STRING_CATALOGS = YES;
				MTL_ENABLE_DEBUG_INFO = NO;
				MTL_FAST_MATH = YES;
				SDKROOT = iphoneos;
				SWIFT_COMPILATION_MODE = wholemodule;
				VALIDATE_PRODUCT = YES;
			};
			name = Release;
		};
		3F46C0A62DDC6AD90020B1CF /* Debug */ = {
			isa = XCBuildConfiguration;
			buildSettings = {
				ASSETCATALOG_COMPILER_APPICON_NAME = AppIcon;
				ASSETCATALOG_COMPILER_GLOBAL_ACCENT_COLOR_NAME = AccentColor;
				CODE_SIGN_STYLE = Automatic;
				CURRENT_PROJECT_VERSION = 1;
				DEVELOPMENT_ASSET_PATHS = "\"Przepisy/Preview Content\"";
				ENABLE_PREVIEWS = YES;
				GENERATE_INFOPLIST_FILE = YES;
				INFOPLIST_KEY_UIApplicationSceneManifest_Generation = YES;
				INFOPLIST_KEY_UIApplicationSupportsIndirectInputEvents = YES;
				INFOPLIST_KEY_UILaunchScreen_Generation = YES;
				INFOPLIST_KEY_UISupportedInterfaceOrientations_iPad = "UIInterfaceOrientationPortrait UIInterfaceOrientationPortraitUpsideDown UIInterfaceOrientationLandscapeLeft UIInterfaceOrientationLandscapeRight";
				INFOPLIST_KEY_UISupportedInterfaceOrientations_iPhone = "UIInterfaceOrientationPortrait UIInterfaceOrientationLandscapeLeft UIInterfaceOrientationLandscapeRight";
				LD_RUNPATH_SEARCH_PATHS = (
					"$(inherited)",
					"@executable_path/Frameworks",
				);
				MARKETING_VERSION = 1.0;
				PRODUCT_BUNDLE_IDENTIFIER = "Instytut-Informatyki.Przepisy";
				PRODUCT_NAME = "$(TARGET_NAME)";
				SWIFT_EMIT_LOC_STRINGS = YES;
				SWIFT_VERSION = 5.0;
				TARGETED_DEVICE_FAMILY = "1,2";
			};
			name = Debug;
		};
		3F46C0A72DDC6AD90020B1CF /* Release */ = {
			isa = XCBuildConfiguration;
			buildSettings = {
				ASSETCATALOG_COMPILER_APPICON_NAME = AppIcon;
				ASSETCATALOG_COMPILER_GLOBAL_ACCENT_COLOR_NAME = AccentColor;
				CODE_SIGN_STYLE = Automatic;
				CURRENT_PROJECT_VERSION = 1;
				DEVELOPMENT_ASSET_PATHS = "\"Przepisy/Preview Content\"";
				ENABLE_PREVIEWS = YES;
				GENERATE_INFOPLIST_FILE = YES;
				INFOPLIST_KEY_UIApplicationSceneManifest_Generation = YES;
				INFOPLIST_KEY_UIApplicationSupportsIndirectInputEvents = YES;
				INFOPLIST_KEY_UILaunchScreen_Generation = YES;
				INFOPLIST_KEY_UISupportedInterfaceOrientations_iPad = "UIInterfaceOrientationPortrait UIInterfaceOrientationPortraitUpsideDown UIInterfaceOrientationLandscapeLeft UIInterfaceOrientationLandscapeRight";
				INFOPLIST_KEY_UISupportedInterfaceOrientations_iPhone = "UIInterfaceOrientationPortrait UIInterfaceOrientationLandscapeLeft UIInterfaceOrientationLandscapeRight";
				LD_RUNPATH_SEARCH_PATHS = (
					"$(inherited)",
					"@executable_path/Frameworks",
				);
				MARKETING_VERSION = 1.0;
				PRODUCT_BUNDLE_IDENTIFIER = "Instytut-Informatyki.Przepisy";
				PRODUCT_NAME = "$(TARGET_NAME)";
				SWIFT_EMIT_LOC_STRINGS = YES;
				SWIFT_VERSION = 5.0;
				TARGETED_DEVICE_FAMILY = "1,2";
			};
			name = Release;
		};
/* End XCBuildConfiguration section */

/* Begin XCConfigurationList section */
		3F46C08D2DDC6AD70020B1CF /* Build configuration list for PBXProject "Przepisy" */ = {
			isa = XCConfigurationList;
			buildConfigurations = (
				3F46C0A32DDC6AD90020B1CF /* Debug */,
				3F46C0A42DDC6AD90020B1CF /* Release */,
			);
			defaultConfigurationIsVisible = 0;
			defaultConfigurationName = Release;
		};
		3F46C0A52DDC6AD90020B1CF /* Build configuration list for PBXNativeTarget "Przepisy" */ = {
			isa = XCConfigurationList;
			buildConfigurations = (
				3F46C0A62DDC6AD90020B1CF /* Debug */,
				3F46C0A72DDC6AD90020B1CF /* Release */,
			);
			defaultConfigurationIsVisible = 0;
			defaultConfigurationName = Release;
		};
/* End XCConfigurationList section */

/* Begin XCVersionGroup section */
		3F46C0A02DDC6AD80020B1CF /* Przepisy.xcdatamodeld */ = {
			isa = XCVersionGroup;
			children = (
				3F46C0A12DDC6AD80020B1CF /* Przepisy.xcdatamodel */,
			);
			currentVersion = 3F46C0A12DDC6AD80020B1CF /* Przepisy.xcdatamodel */;
			path = Przepisy.xcdatamodeld;
			sourceTree = "<group>";
			versionGroupType = wrapper.xcdatamodel;
		};
/* End XCVersionGroup section */
	};
	rootObject = 3F46C08A2DDC6AD70020B1CF /* Project object */;
}
